
Microsoft Visual Studio Solution File, Format Version 12.00
# Visual Studio Version 16
VisualStudioVersion = 16.0.31829.152
MinimumVisualStudioVersion = 10.0.40219.1
Project("{FAE04EC0-301F-11D3-BF4B-00C04F79EFBC}") = "FitnessApp.Android", "FitnessApp\FitnessApp.Android\FitnessApp.Android.csproj", "{C3F69A90-5DBB-42A4-8C7C-DC614A393809}"
EndProject
Project("{FAE04EC0-301F-11D3-BF4B-00C04F79EFBC}") = "FitnessApp", "FitnessApp\FitnessApp\FitnessApp.csproj", "{C37EA777-6CA8-410A-A646-1AB22AC85737}"
EndProject
Global
	GlobalSection(SolutionConfigurationPlatforms) = preSolution
		Debug|Any CPU = Debug|Any CPU
		Release|Any CPU = Release|Any CPU
	EndGlobalSection
	GlobalSection(ProjectConfigurationPlatforms) = postSolution
		{C3F69A90-5DBB-42A4-8C7C-DC614A393809}.Debug|Any CPU.ActiveCfg = Debug|Any CPU
		{C3F69A90-5DBB-42A4-8C7C-DC614A393809}.Debug|Any CPU.Build.0 = Debug|Any CPU
		{C3F69A90-5DBB-42A4-8C7C-DC614A393809}.Debug|Any CPU.Deploy.0 = Debug|Any CPU
		{C3F69A90-5DBB-42A4-8C7C-DC614A393809}.Release|Any CPU.ActiveCfg = Release|Any CPU
		{C3F69A90-5DBB-42A4-8C7C-DC614A393809}.Release|Any CPU.Build.0 = Release|Any CPU
		{C3F69A90-5DBB-42A4-8C7C-DC614A393809}.Release|Any CPU.Deploy.0 = Release|Any CPU
		{C37EA777-6CA8-410A-A646-1AB22AC85737}.Debug|Any CPU.ActiveCfg = Debug|Any CPU
		{C37EA777-6CA8-410A-A646-1AB22AC85737}.Debug|Any CPU.Build.0 = Debug|Any CPU
		{C37EA777-6CA8-410A-A646-1AB22AC85737}.Debug|Any CPU.Deploy.0 = Debug|Any CPU
		{C37EA777-6CA8-410A-A646-1AB22AC85737}.Release|Any CPU.ActiveCfg = Release|Any CPU
		{C37EA777-6CA8-410A-A646-1AB22AC85737}.Release|Any CPU.Build.0 = Release|Any CPU
		{C37EA777-6CA8-410A-A646-1AB22AC85737}.Release|Any CPU.Deploy.0 = Release|Any CPU
	EndGlobalSection
	GlobalSection(SolutionProperties) = preSolution
		HideSolutionNode = FALSE
	EndGlobalSection
	GlobalSection(ExtensibilityGlobals) = postSolution
		SolutionGuid = {14C77C5E-56AA-486C-A2CE-55AEA2026E72}
	EndGlobalSection
EndGlobal
